
Microsoft Visual Studio Solution File, Format Version 12.00
# Visual Studio Version 17
VisualStudioVersion = 17.14.36811.4 d17.14
MinimumVisualStudioVersion = 10.0.40219.1
Project("{FAE04EC0-301F-11D3-BF4B-00C04F79EFBC}") = "bme-fon-vulyra", "bme-fon-vulyra.csproj", "{45114C2C-A09D-47AD-8A9B-D32416BCD2CE}"
EndProject
Global
	GlobalSection(SolutionConfigurationPlatforms) = preSolution
		Debug|Any CPU = Debug|Any CPU
		Release|Any CPU = Release|Any CPU
	EndGlobalSection
	GlobalSection(ProjectConfigurationPlatforms) = postSolution
		{45114C2C-A09D-47AD-8A9B-D32416BCD2CE}.Debug|Any CPU.ActiveCfg = Debug|Any CPU
		{45114C2C-A09D-47AD-8A9B-D32416BCD2CE}.Debug|Any CPU.Build.0 = Debug|Any CPU
		{45114C2C-A09D-47AD-8A9B-D32416BCD2CE}.Release|Any CPU.ActiveCfg = Release|Any CPU
		{45114C2C-A09D-47AD-8A9B-D32416BCD2CE}.Release|Any CPU.Build.0 = Release|Any CPU
	EndGlobalSection
	GlobalSection(SolutionProperties) = preSolution
		HideSolutionNode = FALSE
	EndGlobalSection
	GlobalSection(ExtensibilityGlobals) = postSolution
		SolutionGuid = {C7449901-7E17-46DD-91A8-EFA71BAA8E68}
	EndGlobalSection
EndGlobal
